
Microsoft Visual Studio Solution File, Format Version 12.00
# Visual Studio Version 17
VisualStudioVersion = 17.10.34916.146
MinimumVisualStudioVersion = 10.0.40219.1
Project("{FAE04EC0-301F-11D3-BF4B-00C04F79EFBC}") = "ExerPooDio", "ExerPooDio\ExerPooDio.csproj", "{F253FCC5-800F-4FE8-95E1-B9810BBB5AA7}"
EndProject
Global
	GlobalSection(SolutionConfigurationPlatforms) = preSolution
		Debug|Any CPU = Debug|Any CPU
		Release|Any CPU = Release|Any CPU
	EndGlobalSection
	GlobalSection(ProjectConfigurationPlatforms) = postSolution
		{F253FCC5-800F-4FE8-95E1-B9810BBB5AA7}.Debug|Any CPU.ActiveCfg = Debug|Any CPU
		{F253FCC5-800F-4FE8-95E1-B9810BBB5AA7}.Debug|Any CPU.Build.0 = Debug|Any CPU
		{F253FCC5-800F-4FE8-95E1-B9810BBB5AA7}.Release|Any CPU.ActiveCfg = Release|Any CPU
		{F253FCC5-800F-4FE8-95E1-B9810BBB5AA7}.Release|Any CPU.Build.0 = Release|Any CPU
	EndGlobalSection
	GlobalSection(SolutionProperties) = preSolution
		HideSolutionNode = FALSE
	EndGlobalSection
	GlobalSection(ExtensibilityGlobals) = postSolution
		SolutionGuid = {99B11942-B14E-4F21-893F-B9F8672671F7}
	EndGlobalSection
EndGlobal
